// !$*UTF8*$!
{
	archiveVersion = 1;
	classes = {
	};
	objectVersion = 50;
	objects = {

/* Begin PBXBuildFile section */
		A51C6BF621BC168300A18954 /* AssetTVC.xib in Resources */ = {isa = PBXBuildFile; fileRef = A51C6BF521BC168300A18954 /* AssetTVC.xib */; };
		A51C6BF821BC16D600A18954 /* AssetTVC.swift in Sources */ = {isa = PBXBuildFile; fileRef = A51C6BF721BC16D600A18954 /* AssetTVC.swift */; };
		A51C6BFA21BC1BEC00A18954 /* ViewAssetsUseCase.swift in Sources */ = {isa = PBXBuildFile; fileRef = A51C6BF921BC1BEC00A18954 /* ViewAssetsUseCase.swift */; };
		A51C6BFC21BC1C1400A18954 /* Asset.swift in Sources */ = {isa = PBXBuildFile; fileRef = A51C6BFB21BC1C1400A18954 /* Asset.swift */; };
		A5DD4C3521B76F32006E81EF /* LoginUseCaseProtocolConformance.swift in Sources */ = {isa = PBXBuildFile; fileRef = A5DD4C3421B76F32006E81EF /* LoginUseCaseProtocolConformance.swift */; };
		A5DD4C6521B8BDF2006E81EF /* Home.storyboard in Resources */ = {isa = PBXBuildFile; fileRef = A5DD4C6421B8BDF2006E81EF /* Home.storyboard */; };
		A5DD4C6721B8C92A006E81EF /* HomeViewController.swift in Sources */ = {isa = PBXBuildFile; fileRef = A5DD4C6621B8C92A006E81EF /* HomeViewController.swift */; };
		A5DD4C6921B8CA70006E81EF /* Executors.swift in Sources */ = {isa = PBXBuildFile; fileRef = A5DD4C6821B8CA70006E81EF /* Executors.swift */; };
		A5E5A49121B36631003E80CF /* AppDelegate.swift in Sources */ = {isa = PBXBuildFile; fileRef = A5E5A49021B36631003E80CF /* AppDelegate.swift */; };
		A5E5A49321B36631003E80CF /* ViewController.swift in Sources */ = {isa = PBXBuildFile; fileRef = A5E5A49221B36631003E80CF /* ViewController.swift */; };
		A5E5A49621B36631003E80CF /* Main.storyboard in Resources */ = {isa = PBXBuildFile; fileRef = A5E5A49421B36631003E80CF /* Main.storyboard */; };
		A5E5A49821B36632003E80CF /* Assets.xcassets in Resources */ = {isa = PBXBuildFile; fileRef = A5E5A49721B36632003E80CF /* Assets.xcassets */; };
		A5E5A49B21B36632003E80CF /* LaunchScreen.storyboard in Resources */ = {isa = PBXBuildFile; fileRef = A5E5A49921B36632003E80CF /* LaunchScreen.storyboard */; };
		A5E5A4A621B36633003E80CF /* LambdaCoreTests.swift in Sources */ = {isa = PBXBuildFile; fileRef = A5E5A4A521B36633003E80CF /* LambdaCoreTests.swift */; };
		A5E5A4BE21B36726003E80CF /* LambdaCoreModel.framework in Frameworks */ = {isa = PBXBuildFile; fileRef = A5E5A4B521B36726003E80CF /* LambdaCoreModel.framework */; };
		A5E5A4C521B36726003E80CF /* LambdaCoreCoreTests.swift in Sources */ = {isa = PBXBuildFile; fileRef = A5E5A4C421B36726003E80CF /* LambdaCoreCoreTests.swift */; };
		A5E5A4C721B36726003E80CF /* LambdaCoreModel.h in Headers */ = {isa = PBXBuildFile; fileRef = A5E5A4B721B36726003E80CF /* LambdaCoreModel.h */; settings = {ATTRIBUTES = (Public, ); }; };
		A5E5A4CA21B36726003E80CF /* LambdaCoreModel.framework in Frameworks */ = {isa = PBXBuildFile; fileRef = A5E5A4B521B36726003E80CF /* LambdaCoreModel.framework */; };
		A5E5A4CB21B36726003E80CF /* LambdaCoreModel.framework in Embed Frameworks */ = {isa = PBXBuildFile; fileRef = A5E5A4B521B36726003E80CF /* LambdaCoreModel.framework */; settings = {ATTRIBUTES = (CodeSignOnCopy, RemoveHeadersOnCopy, ); }; };
		A5E5A4D421B36741003E80CF /* User.swift in Sources */ = {isa = PBXBuildFile; fileRef = A5E5A4D321B36741003E80CF /* User.swift */; };
		A5E5A4E321B367D8003E80CF /* LambdaCoreApplication.framework in Frameworks */ = {isa = PBXBuildFile; fileRef = A5E5A4DA21B367D8003E80CF /* LambdaCoreApplication.framework */; };
		A5E5A4EA21B367D8003E80CF /* LoginUseCaseTests.swift in Sources */ = {isa = PBXBuildFile; fileRef = A5E5A4E921B367D8003E80CF /* LoginUseCaseTests.swift */; };
		A5E5A4EC21B367D8003E80CF /* LambdaCoreApplication.h in Headers */ = {isa = PBXBuildFile; fileRef = A5E5A4DC21B367D8003E80CF /* LambdaCoreApplication.h */; settings = {ATTRIBUTES = (Public, ); }; };
		A5E5A4EF21B367D8003E80CF /* LambdaCoreApplication.framework in Frameworks */ = {isa = PBXBuildFile; fileRef = A5E5A4DA21B367D8003E80CF /* LambdaCoreApplication.framework */; };
		A5E5A4F021B367D8003E80CF /* LambdaCoreApplication.framework in Embed Frameworks */ = {isa = PBXBuildFile; fileRef = A5E5A4DA21B367D8003E80CF /* LambdaCoreApplication.framework */; settings = {ATTRIBUTES = (CodeSignOnCopy, RemoveHeadersOnCopy, ); }; };
		A5E5A4F821B367FA003E80CF /* Orchestrator.swift in Sources */ = {isa = PBXBuildFile; fileRef = A5E5A4F721B367FA003E80CF /* Orchestrator.swift */; };
		A5E5A50021B36C73003E80CF /* LoginUseCase.swift in Sources */ = {isa = PBXBuildFile; fileRef = A5E5A4FF21B36C73003E80CF /* LoginUseCase.swift */; };
/* End PBXBuildFile section */

/* Begin PBXContainerItemProxy section */
		A5E5A4A221B36633003E80CF /* PBXContainerItemProxy */ = {
			isa = PBXContainerItemProxy;
			containerPortal = A5E5A48521B36631003E80CF /* Project object */;
			proxyType = 1;
			remoteGlobalIDString = A5E5A48C21B36631003E80CF;
			remoteInfo = LambdaCore;
		};
		A5E5A4BF21B36726003E80CF /* PBXContainerItemProxy */ = {
			isa = PBXContainerItemProxy;
			containerPortal = A5E5A48521B36631003E80CF /* Project object */;
			proxyType = 1;
			remoteGlobalIDString = A5E5A4B421B36726003E80CF;
			remoteInfo = LambdaCoreCore;
		};
		A5E5A4C121B36726003E80CF /* PBXContainerItemProxy */ = {
			isa = PBXContainerItemProxy;
			containerPortal = A5E5A48521B36631003E80CF /* Project object */;
			proxyType = 1;
			remoteGlobalIDString = A5E5A48C21B36631003E80CF;
			remoteInfo = LambdaCore;
		};
		A5E5A4C821B36726003E80CF /* PBXContainerItemProxy */ = {
			isa = PBXContainerItemProxy;
			containerPortal = A5E5A48521B36631003E80CF /* Project object */;
			proxyType = 1;
			remoteGlobalIDString = A5E5A4B421B36726003E80CF;
			remoteInfo = LambdaCoreCore;
		};
		A5E5A4E421B367D8003E80CF /* PBXContainerItemProxy */ = {
			isa = PBXContainerItemProxy;
			containerPortal = A5E5A48521B36631003E80CF /* Project object */;
			proxyType = 1;
			remoteGlobalIDString = A5E5A4D921B367D8003E80CF;
			remoteInfo = LambdaCoreApplication;
		};
		A5E5A4E621B367D8003E80CF /* PBXContainerItemProxy */ = {
			isa = PBXContainerItemProxy;
			containerPortal = A5E5A48521B36631003E80CF /* Project object */;
			proxyType = 1;
			remoteGlobalIDString = A5E5A48C21B36631003E80CF;
			remoteInfo = LambdaCore;
		};
		A5E5A4ED21B367D8003E80CF /* PBXContainerItemProxy */ = {
			isa = PBXContainerItemProxy;
			containerPortal = A5E5A48521B36631003E80CF /* Project object */;
			proxyType = 1;
			remoteGlobalIDString = A5E5A4D921B367D8003E80CF;
			remoteInfo = LambdaCoreApplication;
		};
		A5E5A4F921B36869003E80CF /* PBXContainerItemProxy */ = {
			isa = PBXContainerItemProxy;
			containerPortal = A5E5A48521B36631003E80CF /* Project object */;
			proxyType = 1;
			remoteGlobalIDString = A5E5A4B421B36726003E80CF;
			remoteInfo = LambdaCoreCore;
		};
/* End PBXContainerItemProxy section */

/* Begin PBXCopyFilesBuildPhase section */
		A5E5A4D121B36726003E80CF /* Embed Frameworks */ = {
			isa = PBXCopyFilesBuildPhase;
			buildActionMask = 2147483647;
			dstPath = "";
			dstSubfolderSpec = 10;
			files = (
				A5E5A4CB21B36726003E80CF /* LambdaCoreModel.framework in Embed Frameworks */,
				A5E5A4F021B367D8003E80CF /* LambdaCoreApplication.framework in Embed Frameworks */,
			);
			name = "Embed Frameworks";
			runOnlyForDeploymentPostprocessing = 0;
		};
/* End PBXCopyFilesBuildPhase section */

/* Begin PBXFileReference section */
		A51C6BF521BC168300A18954 /* AssetTVC.xib */ = {isa = PBXFileReference; lastKnownFileType = file.xib; path = AssetTVC.xib; sourceTree = "<group>"; };
		A51C6BF721BC16D600A18954 /* AssetTVC.swift */ = {isa = PBXFileReference; lastKnownFileType = sourcecode.swift; path = AssetTVC.swift; sourceTree = "<group>"; };
		A51C6BF921BC1BEC00A18954 /* ViewAssetsUseCase.swift */ = {isa = PBXFileReference; lastKnownFileType = sourcecode.swift; path = ViewAssetsUseCase.swift; sourceTree = "<group>"; };
		A51C6BFB21BC1C1400A18954 /* Asset.swift */ = {isa = PBXFileReference; lastKnownFileType = sourcecode.swift; path = Asset.swift; sourceTree = "<group>"; };
		A5DD4C3421B76F32006E81EF /* LoginUseCaseProtocolConformance.swift */ = {isa = PBXFileReference; lastKnownFileType = sourcecode.swift; path = LoginUseCaseProtocolConformance.swift; sourceTree = "<group>"; };
		A5DD4C6421B8BDF2006E81EF /* Home.storyboard */ = {isa = PBXFileReference; lastKnownFileType = file.storyboard; path = Home.storyboard; sourceTree = "<group>"; };
		A5DD4C6621B8C92A006E81EF /* HomeViewController.swift */ = {isa = PBXFileReference; lastKnownFileType = sourcecode.swift; path = HomeViewController.swift; sourceTree = "<group>"; };
		A5DD4C6821B8CA70006E81EF /* Executors.swift */ = {isa = PBXFileReference; lastKnownFileType = sourcecode.swift; path = Executors.swift; sourceTree = "<group>"; };
		A5E5A48D21B36631003E80CF /* LambdaCore.app */ = {isa = PBXFileReference; explicitFileType = wrapper.application; includeInIndex = 0; path = LambdaCore.app; sourceTree = BUILT_PRODUCTS_DIR; };
		A5E5A49021B36631003E80CF /* AppDelegate.swift */ = {isa = PBXFileReference; lastKnownFileType = sourcecode.swift; path = AppDelegate.swift; sourceTree = "<group>"; };
		A5E5A49221B36631003E80CF /* ViewController.swift */ = {isa = PBXFileReference; lastKnownFileType = sourcecode.swift; path = ViewController.swift; sourceTree = "<group>"; };
		A5E5A49521B36631003E80CF /* Base */ = {isa = PBXFileReference; lastKnownFileType = file.storyboard; name = Base; path = Base.lproj/Main.storyboard; sourceTree = "<group>"; };
		A5E5A49721B36632003E80CF /* Assets.xcassets */ = {isa = PBXFileReference; lastKnownFileType = folder.assetcatalog; path = Assets.xcassets; sourceTree = "<group>"; };
		A5E5A49A21B36632003E80CF /* Base */ = {isa = PBXFileReference; lastKnownFileType = file.storyboard; name = Base; path = Base.lproj/LaunchScreen.storyboard; sourceTree = "<group>"; };
		A5E5A49C21B36632003E80CF /* Info.plist */ = {isa = PBXFileReference; lastKnownFileType = text.plist.xml; path = Info.plist; sourceTree = "<group>"; };
		A5E5A4A121B36633003E80CF /* LambdaCoreTests.xctest */ = {isa = PBXFileReference; explicitFileType = wrapper.cfbundle; includeInIndex = 0; path = LambdaCoreTests.xctest; sourceTree = BUILT_PRODUCTS_DIR; };
		A5E5A4A521B36633003E80CF /* LambdaCoreTests.swift */ = {isa = PBXFileReference; lastKnownFileType = sourcecode.swift; path = LambdaCoreTests.swift; sourceTree = "<group>"; };
		A5E5A4A721B36633003E80CF /* Info.plist */ = {isa = PBXFileReference; lastKnownFileType = text.plist.xml; path = Info.plist; sourceTree = "<group>"; };
		A5E5A4B521B36726003E80CF /* LambdaCoreModel.framework */ = {isa = PBXFileReference; explicitFileType = wrapper.framework; includeInIndex = 0; path = LambdaCoreModel.framework; sourceTree = BUILT_PRODUCTS_DIR; };
		A5E5A4B721B36726003E80CF /* LambdaCoreModel.h */ = {isa = PBXFileReference; lastKnownFileType = sourcecode.c.h; path = LambdaCoreModel.h; sourceTree = "<group>"; };
		A5E5A4B821B36726003E80CF /* Info.plist */ = {isa = PBXFileReference; lastKnownFileType = text.plist.xml; path = Info.plist; sourceTree = "<group>"; };
		A5E5A4BD21B36726003E80CF /* LambdaCoreCoreTests.xctest */ = {isa = PBXFileReference; explicitFileType = wrapper.cfbundle; includeInIndex = 0; path = LambdaCoreCoreTests.xctest; sourceTree = BUILT_PRODUCTS_DIR; };
		A5E5A4C421B36726003E80CF /* LambdaCoreCoreTests.swift */ = {isa = PBXFileReference; lastKnownFileType = sourcecode.swift; path = LambdaCoreCoreTests.swift; sourceTree = "<group>"; };
		A5E5A4C621B36726003E80CF /* Info.plist */ = {isa = PBXFileReference; lastKnownFileType = text.plist.xml; path = Info.plist; sourceTree = "<group>"; };
		A5E5A4D321B36741003E80CF /* User.swift */ = {isa = PBXFileReference; lastKnownFileType = sourcecode.swift; path = User.swift; sourceTree = "<group>"; };
		A5E5A4DA21B367D8003E80CF /* LambdaCoreApplication.framework */ = {isa = PBXFileReference; explicitFileType = wrapper.framework; includeInIndex = 0; path = LambdaCoreApplication.framework; sourceTree = BUILT_PRODUCTS_DIR; };
		A5E5A4DC21B367D8003E80CF /* LambdaCoreApplication.h */ = {isa = PBXFileReference; lastKnownFileType = sourcecode.c.h; path = LambdaCoreApplication.h; sourceTree = "<group>"; };
		A5E5A4DD21B367D8003E80CF /* Info.plist */ = {isa = PBXFileReference; lastKnownFileType = text.plist.xml; path = Info.plist; sourceTree = "<group>"; };
		A5E5A4E221B367D8003E80CF /* LambdaCoreApplicationTests.xctest */ = {isa = PBXFileReference; explicitFileType = wrapper.cfbundle; includeInIndex = 0; path = LambdaCoreApplicationTests.xctest; sourceTree = BUILT_PRODUCTS_DIR; };
		A5E5A4E921B367D8003E80CF /* LoginUseCaseTests.swift */ = {isa = PBXFileReference; lastKnownFileType = sourcecode.swift; path = LoginUseCaseTests.swift; sourceTree = "<group>"; };
		A5E5A4EB21B367D8003E80CF /* Info.plist */ = {isa = PBXFileReference; lastKnownFileType = text.plist.xml; path = Info.plist; sourceTree = "<group>"; };
		A5E5A4F721B367FA003E80CF /* Orchestrator.swift */ = {isa = PBXFileReference; lastKnownFileType = sourcecode.swift; path = Orchestrator.swift; sourceTree = "<group>"; };
		A5E5A4FF21B36C73003E80CF /* LoginUseCase.swift */ = {isa = PBXFileReference; lastKnownFileType = sourcecode.swift; path = LoginUseCase.swift; sourceTree = "<group>"; };
/* End PBXFileReference section */

/* Begin PBXFrameworksBuildPhase section */
		A5E5A48A21B36631003E80CF /* Frameworks */ = {
			isa = PBXFrameworksBuildPhase;
			buildActionMask = 2147483647;
			files = (
				A5E5A4CA21B36726003E80CF /* LambdaCoreModel.framework in Frameworks */,
				A5E5A4EF21B367D8003E80CF /* LambdaCoreApplication.framework in Frameworks */,
			);
			runOnlyForDeploymentPostprocessing = 0;
		};
		A5E5A49E21B36632003E80CF /* Frameworks */ = {
			isa = PBXFrameworksBuildPhase;
			buildActionMask = 2147483647;
			files = (
			);
			runOnlyForDeploymentPostprocessing = 0;
		};
		A5E5A4B221B36726003E80CF /* Frameworks */ = {
			isa = PBXFrameworksBuildPhase;
			buildActionMask = 2147483647;
			files = (
			);
			runOnlyForDeploymentPostprocessing = 0;
		};
		A5E5A4BA21B36726003E80CF /* Frameworks */ = {
			isa = PBXFrameworksBuildPhase;
			buildActionMask = 2147483647;
			files = (
				A5E5A4BE21B36726003E80CF /* LambdaCoreModel.framework in Frameworks */,
			);
			runOnlyForDeploymentPostprocessing = 0;
		};
		A5E5A4D721B367D8003E80CF /* Frameworks */ = {
			isa = PBXFrameworksBuildPhase;
			buildActionMask = 2147483647;
			files = (
			);
			runOnlyForDeploymentPostprocessing = 0;
		};
		A5E5A4DF21B367D8003E80CF /* Frameworks */ = {
			isa = PBXFrameworksBuildPhase;
			buildActionMask = 2147483647;
			files = (
				A5E5A4E321B367D8003E80CF /* LambdaCoreApplication.framework in Frameworks */,
			);
			runOnlyForDeploymentPostprocessing = 0;
		};
/* End PBXFrameworksBuildPhase section */

/* Begin PBXGroup section */
		A5E5A48421B36631003E80CF = {
			isa = PBXGroup;
			children = (
				A5E5A48F21B36631003E80CF /* LambdaCore */,
				A5E5A4A421B36633003E80CF /* LambdaCoreTests */,
				A5E5A4B621B36726003E80CF /* LambdaCoreModel */,
				A5E5A4C321B36726003E80CF /* LambdaCoreCoreTests */,
				A5E5A4DB21B367D8003E80CF /* LambdaCoreApplication */,
				A5E5A4E821B367D8003E80CF /* LambdaCoreApplicationTests */,
				A5E5A48E21B36631003E80CF /* Products */,
			);
			sourceTree = "<group>";
		};
		A5E5A48E21B36631003E80CF /* Products */ = {
			isa = PBXGroup;
			children = (
				A5E5A48D21B36631003E80CF /* LambdaCore.app */,
				A5E5A4A121B36633003E80CF /* LambdaCoreTests.xctest */,
				A5E5A4B521B36726003E80CF /* LambdaCoreModel.framework */,
				A5E5A4BD21B36726003E80CF /* LambdaCoreCoreTests.xctest */,
				A5E5A4DA21B367D8003E80CF /* LambdaCoreApplication.framework */,
				A5E5A4E221B367D8003E80CF /* LambdaCoreApplicationTests.xctest */,
			);
			name = Products;
			sourceTree = "<group>";
		};
		A5E5A48F21B36631003E80CF /* LambdaCore */ = {
			isa = PBXGroup;
			children = (
				A5E5A49021B36631003E80CF /* AppDelegate.swift */,
				A5E5A49721B36632003E80CF /* Assets.xcassets */,
				A51C6BF721BC16D600A18954 /* AssetTVC.swift */,
				A51C6BF521BC168300A18954 /* AssetTVC.xib */,
				A5DD4C6821B8CA70006E81EF /* Executors.swift */,
				A5DD4C6421B8BDF2006E81EF /* Home.storyboard */,
				A5DD4C6621B8C92A006E81EF /* HomeViewController.swift */,
				A5E5A49C21B36632003E80CF /* Info.plist */,
				A5E5A49921B36632003E80CF /* LaunchScreen.storyboard */,
				A5E5A49421B36631003E80CF /* Main.storyboard */,
				A5E5A49221B36631003E80CF /* ViewController.swift */,
			);
			path = LambdaCore;
			sourceTree = "<group>";
		};
		A5E5A4A421B36633003E80CF /* LambdaCoreTests */ = {
			isa = PBXGroup;
			children = (
				A5E5A4A521B36633003E80CF /* LambdaCoreTests.swift */,
				A5E5A4A721B36633003E80CF /* Info.plist */,
			);
			path = LambdaCoreTests;
			sourceTree = "<group>";
		};
		A5E5A4B621B36726003E80CF /* LambdaCoreModel */ = {
			isa = PBXGroup;
			children = (
				A51C6BFB21BC1C1400A18954 /* Asset.swift */,
				A5E5A4B821B36726003E80CF /* Info.plist */,
				A5E5A4B721B36726003E80CF /* LambdaCoreModel.h */,
				A5E5A4D321B36741003E80CF /* User.swift */,
			);
			path = LambdaCoreModel;
			sourceTree = "<group>";
		};
		A5E5A4C321B36726003E80CF /* LambdaCoreCoreTests */ = {
			isa = PBXGroup;
			children = (
				A5E5A4C421B36726003E80CF /* LambdaCoreCoreTests.swift */,
				A5E5A4C621B36726003E80CF /* Info.plist */,
			);
			path = LambdaCoreCoreTests;
			sourceTree = "<group>";
		};
		A5E5A4DB21B367D8003E80CF /* LambdaCoreApplication */ = {
			isa = PBXGroup;
			children = (
				A5E5A4DD21B367D8003E80CF /* Info.plist */,
				A5E5A4DC21B367D8003E80CF /* LambdaCoreApplication.h */,
				A5E5A4FF21B36C73003E80CF /* LoginUseCase.swift */,
				A5DD4C3421B76F32006E81EF /* LoginUseCaseProtocolConformance.swift */,
				A5E5A4F721B367FA003E80CF /* Orchestrator.swift */,
				A51C6BF921BC1BEC00A18954 /* ViewAssetsUseCase.swift */,
			);
			path = LambdaCoreApplication;
			sourceTree = "<group>";
		};
		A5E5A4E821B367D8003E80CF /* LambdaCoreApplicationTests */ = {
			isa = PBXGroup;
			children = (
				A5E5A4E921B367D8003E80CF /* LoginUseCaseTests.swift */,
				A5E5A4EB21B367D8003E80CF /* Info.plist */,
			);
			path = LambdaCoreApplicationTests;
			sourceTree = "<group>";
		};
/* End PBXGroup section */

/* Begin PBXHeadersBuildPhase section */
		A5E5A4B021B36726003E80CF /* Headers */ = {
			isa = PBXHeadersBuildPhase;
			buildActionMask = 2147483647;
			files = (
				A5E5A4C721B36726003E80CF /* LambdaCoreModel.h in Headers */,
			);
			runOnlyForDeploymentPostprocessing = 0;
		};
		A5E5A4D521B367D8003E80CF /* Headers */ = {
			isa = PBXHeadersBuildPhase;
			buildActionMask = 2147483647;
			files = (
				A5E5A4EC21B367D8003E80CF /* LambdaCoreApplication.h in Headers */,
			);
			runOnlyForDeploymentPostprocessing = 0;
		};
/* End PBXHeadersBuildPhase section */

/* Begin PBXNativeTarget section */
		A5E5A48C21B36631003E80CF /* LambdaCore */ = {
			isa = PBXNativeTarget;
			buildConfigurationList = A5E5A4AA21B36633003E80CF /* Build configuration list for PBXNativeTarget "LambdaCore" */;
			buildPhases = (
				A5E5A48921B36631003E80CF /* Sources */,
				A5E5A48A21B36631003E80CF /* Frameworks */,
				A5E5A48B21B36631003E80CF /* Resources */,
				A5E5A4D121B36726003E80CF /* Embed Frameworks */,
			);
			buildRules = (
			);
			dependencies = (
				A5E5A4C921B36726003E80CF /* PBXTargetDependency */,
				A5E5A4EE21B367D8003E80CF /* PBXTargetDependency */,
			);
			name = LambdaCore;
			productName = LambdaCore;
			productReference = A5E5A48D21B36631003E80CF /* LambdaCore.app */;
			productType = "com.apple.product-type.application";
		};
		A5E5A4A021B36632003E80CF /* LambdaCoreTests */ = {
			isa = PBXNativeTarget;
			buildConfigurationList = A5E5A4AD21B36633003E80CF /* Build configuration list for PBXNativeTarget "LambdaCoreTests" */;
			buildPhases = (
				A5E5A49D21B36632003E80CF /* Sources */,
				A5E5A49E21B36632003E80CF /* Frameworks */,
				A5E5A49F21B36632003E80CF /* Resources */,
			);
			buildRules = (
			);
			dependencies = (
				A5E5A4A321B36633003E80CF /* PBXTargetDependency */,
			);
			name = LambdaCoreTests;
			productName = LambdaCoreTests;
			productReference = A5E5A4A121B36633003E80CF /* LambdaCoreTests.xctest */;
			productType = "com.apple.product-type.bundle.unit-test";
		};
		A5E5A4B421B36726003E80CF /* LambdaCoreModel */ = {
			isa = PBXNativeTarget;
			buildConfigurationList = A5E5A4D021B36726003E80CF /* Build configuration list for PBXNativeTarget "LambdaCoreModel" */;
			buildPhases = (
				A5E5A4B021B36726003E80CF /* Headers */,
				A5E5A4B121B36726003E80CF /* Sources */,
				A5E5A4B221B36726003E80CF /* Frameworks */,
				A5E5A4B321B36726003E80CF /* Resources */,
			);
			buildRules = (
			);
			dependencies = (
			);
			name = LambdaCoreModel;
			productName = LambdaCoreCore;
			productReference = A5E5A4B521B36726003E80CF /* LambdaCoreModel.framework */;
			productType = "com.apple.product-type.framework";
		};
		A5E5A4BC21B36726003E80CF /* LambdaCoreCoreTests */ = {
			isa = PBXNativeTarget;
			buildConfigurationList = A5E5A4D221B36726003E80CF /* Build configuration list for PBXNativeTarget "LambdaCoreCoreTests" */;
			buildPhases = (
				A5E5A4B921B36726003E80CF /* Sources */,
				A5E5A4BA21B36726003E80CF /* Frameworks */,
				A5E5A4BB21B36726003E80CF /* Resources */,
			);
			buildRules = (
			);
			dependencies = (
				A5E5A4C021B36726003E80CF /* PBXTargetDependency */,
				A5E5A4C221B36726003E80CF /* PBXTargetDependency */,
			);
			name = LambdaCoreCoreTests;
			productName = LambdaCoreCoreTests;
			productReference = A5E5A4BD21B36726003E80CF /* LambdaCoreCoreTests.xctest */;
			productType = "com.apple.product-type.bundle.unit-test";
		};
		A5E5A4D921B367D8003E80CF /* LambdaCoreApplication */ = {
			isa = PBXNativeTarget;
			buildConfigurationList = A5E5A4F121B367D8003E80CF /* Build configuration list for PBXNativeTarget "LambdaCoreApplication" */;
			buildPhases = (
				A5E5A4D521B367D8003E80CF /* Headers */,
				A5E5A4D621B367D8003E80CF /* Sources */,
				A5E5A4D721B367D8003E80CF /* Frameworks */,
				A5E5A4D821B367D8003E80CF /* Resources */,
			);
			buildRules = (
			);
			dependencies = (
				A5E5A4FA21B36869003E80CF /* PBXTargetDependency */,
			);
			name = LambdaCoreApplication;
			productName = LambdaCoreApplication;
			productReference = A5E5A4DA21B367D8003E80CF /* LambdaCoreApplication.framework */;
			productType = "com.apple.product-type.framework";
		};
		A5E5A4E121B367D8003E80CF /* LambdaCoreApplicationTests */ = {
			isa = PBXNativeTarget;
			buildConfigurationList = A5E5A4F421B367D8003E80CF /* Build configuration list for PBXNativeTarget "LambdaCoreApplicationTests" */;
			buildPhases = (
				A5E5A4DE21B367D8003E80CF /* Sources */,
				A5E5A4DF21B367D8003E80CF /* Frameworks */,
				A5E5A4E021B367D8003E80CF /* Resources */,
			);
			buildRules = (
			);
			dependencies = (
				A5E5A4E521B367D8003E80CF /* PBXTargetDependency */,
				A5E5A4E721B367D8003E80CF /* PBXTargetDependency */,
			);
			name = LambdaCoreApplicationTests;
			productName = LambdaCoreApplicationTests;
			productReference = A5E5A4E221B367D8003E80CF /* LambdaCoreApplicationTests.xctest */;
			productType = "com.apple.product-type.bundle.unit-test";
		};
/* End PBXNativeTarget section */

/* Begin PBXProject section */
		A5E5A48521B36631003E80CF /* Project object */ = {
			isa = PBXProject;
			attributes = {
				LastSwiftUpdateCheck = 1010;
				LastUpgradeCheck = 1010;
				ORGANIZATIONNAME = vts;
				TargetAttributes = {
					A5E5A48C21B36631003E80CF = {
						CreatedOnToolsVersion = 10.1;
					};
					A5E5A4A021B36632003E80CF = {
						CreatedOnToolsVersion = 10.1;
						TestTargetID = A5E5A48C21B36631003E80CF;
					};
					A5E5A4B421B36726003E80CF = {
						CreatedOnToolsVersion = 10.1;
						LastSwiftMigration = 1010;
					};
					A5E5A4BC21B36726003E80CF = {
						CreatedOnToolsVersion = 10.1;
						TestTargetID = A5E5A48C21B36631003E80CF;
					};
					A5E5A4D921B367D8003E80CF = {
						CreatedOnToolsVersion = 10.1;
						LastSwiftMigration = 1010;
					};
					A5E5A4E121B367D8003E80CF = {
						CreatedOnToolsVersion = 10.1;
						TestTargetID = A5E5A48C21B36631003E80CF;
					};
				};
			};
			buildConfigurationList = A5E5A48821B36631003E80CF /* Build configuration list for PBXProject "LambdaCore" */;
			compatibilityVersion = "Xcode 9.3";
			developmentRegion = en;
			hasScannedForEncodings = 0;
			knownRegions = (
				en,
				Base,
			);
			mainGroup = A5E5A48421B36631003E80CF;
			productRefGroup = A5E5A48E21B36631003E80CF /* Products */;
			projectDirPath = "";
			projectRoot = "";
			targets = (
				A5E5A48C21B36631003E80CF /* LambdaCore */,
				A5E5A4A021B36632003E80CF /* LambdaCoreTests */,
				A5E5A4B421B36726003E80CF /* LambdaCoreModel */,
				A5E5A4BC21B36726003E80CF /* LambdaCoreCoreTests */,
				A5E5A4D921B367D8003E80CF /* LambdaCoreApplication */,
				A5E5A4E121B367D8003E80CF /* LambdaCoreApplicationTests */,
			);
		};
/* End PBXProject section */

/* Begin PBXResourcesBuildPhase section */
		A5E5A48B21B36631003E80CF /* Resources */ = {
			isa = PBXResourcesBuildPhase;
			buildActionMask = 2147483647;
			files = (
				A5E5A49B21B36632003E80CF /* LaunchScreen.storyboard in Resources */,
				A51C6BF621BC168300A18954 /* AssetTVC.xib in Resources */,
				A5E5A49821B36632003E80CF /* Assets.xcassets in Resources */,
				A5E5A49621B36631003E80CF /* Main.storyboard in Resources */,
				A5DD4C6521B8BDF2006E81EF /* Home.storyboard in Resources */,
			);
			runOnlyForDeploymentPostprocessing = 0;
		};
		A5E5A49F21B36632003E80CF /* Resources */ = {
			isa = PBXResourcesBuildPhase;
			buildActionMask = 2147483647;
			files = (
			);
			runOnlyForDeploymentPostprocessing = 0;
		};
		A5E5A4B321B36726003E80CF /* Resources */ = {
			isa = PBXResourcesBuildPhase;
			buildActionMask = 2147483647;
			files = (
			);
			runOnlyForDeploymentPostprocessing = 0;
		};
		A5E5A4BB21B36726003E80CF /* Resources */ = {
			isa = PBXResourcesBuildPhase;
			buildActionMask = 2147483647;
			files = (
			);
			runOnlyForDeploymentPostprocessing = 0;
		};
		A5E5A4D821B367D8003E80CF /* Resources */ = {
			isa = PBXResourcesBuildPhase;
			buildActionMask = 2147483647;
			files = (
			);
			runOnlyForDeploymentPostprocessing = 0;
		};
		A5E5A4E021B367D8003E80CF /* Resources */ = {
			isa = PBXResourcesBuildPhase;
			buildActionMask = 2147483647;
			files = (
			);
			runOnlyForDeploymentPostprocessing = 0;
		};
/* End PBXResourcesBuildPhase section */

/* Begin PBXSourcesBuildPhase section */
		A5E5A48921B36631003E80CF /* Sources */ = {
			isa = PBXSourcesBuildPhase;
			buildActionMask = 2147483647;
			files = (
				A5DD4C6921B8CA70006E81EF /* Executors.swift in Sources */,
				A51C6BF821BC16D600A18954 /* AssetTVC.swift in Sources */,
				A5E5A49321B36631003E80CF /* ViewController.swift in Sources */,
				A5E5A49121B36631003E80CF /* AppDelegate.swift in Sources */,
				A5DD4C6721B8C92A006E81EF /* HomeViewController.swift in Sources */,
			);
			runOnlyForDeploymentPostprocessing = 0;
		};
		A5E5A49D21B36632003E80CF /* Sources */ = {
			isa = PBXSourcesBuildPhase;
			buildActionMask = 2147483647;
			files = (
				A5E5A4A621B36633003E80CF /* LambdaCoreTests.swift in Sources */,
			);
			runOnlyForDeploymentPostprocessing = 0;
		};
		A5E5A4B121B36726003E80CF /* Sources */ = {
			isa = PBXSourcesBuildPhase;
			buildActionMask = 2147483647;
			files = (
				A51C6BFC21BC1C1400A18954 /* Asset.swift in Sources */,
				A5E5A4D421B36741003E80CF /* User.swift in Sources */,
			);
			runOnlyForDeploymentPostprocessing = 0;
		};
		A5E5A4B921B36726003E80CF /* Sources */ = {
			isa = PBXSourcesBuildPhase;
			buildActionMask = 2147483647;
			files = (
				A5E5A4C521B36726003E80CF /* LambdaCoreCoreTests.swift in Sources */,
			);
			runOnlyForDeploymentPostprocessing = 0;
		};
		A5E5A4D621B367D8003E80CF /* Sources */ = {
			isa = PBXSourcesBuildPhase;
			buildActionMask = 2147483647;
			files = (
				A5E5A4F821B367FA003E80CF /* Orchestrator.swift in Sources */,
				A51C6BFA21BC1BEC00A18954 /* ViewAssetsUseCase.swift in Sources */,
				A5E5A50021B36C73003E80CF /* LoginUseCase.swift in Sources */,
				A5DD4C3521B76F32006E81EF /* LoginUseCaseProtocolConformance.swift in Sources */,
			);
			runOnlyForDeploymentPostprocessing = 0;
		};
		A5E5A4DE21B367D8003E80CF /* Sources */ = {
			isa = PBXSourcesBuildPhase;
			buildActionMask = 2147483647;
			files = (
				A5E5A4EA21B367D8003E80CF /* LoginUseCaseTests.swift in Sources */,
			);
			runOnlyForDeploymentPostprocessing = 0;
		};
/* End PBXSourcesBuildPhase section */

/* Begin PBXTargetDependency section */
		A5E5A4A321B36633003E80CF /* PBXTargetDependency */ = {
			isa = PBXTargetDependency;
			target = A5E5A48C21B36631003E80CF /* LambdaCore */;
			targetProxy = A5E5A4A221B36633003E80CF /* PBXContainerItemProxy */;
		};
		A5E5A4C021B36726003E80CF /* PBXTargetDependency */ = {
			isa = PBXTargetDependency;
			target = A5E5A4B421B36726003E80CF /* LambdaCoreModel */;
			targetProxy = A5E5A4BF21B36726003E80CF /* PBXContainerItemProxy */;
		};
		A5E5A4C221B36726003E80CF /* PBXTargetDependency */ = {
			isa = PBXTargetDependency;
			target = A5E5A48C21B36631003E80CF /* LambdaCore */;
			targetProxy = A5E5A4C121B36726003E80CF /* PBXContainerItemProxy */;
		};
		A5E5A4C921B36726003E80CF /* PBXTargetDependency */ = {
			isa = PBXTargetDependency;
			target = A5E5A4B421B36726003E80CF /* LambdaCoreModel */;
			targetProxy = A5E5A4C821B36726003E80CF /* PBXContainerItemProxy */;
		};
		A5E5A4E521B367D8003E80CF /* PBXTargetDependency */ = {
			isa = PBXTargetDependency;
			target = A5E5A4D921B367D8003E80CF /* LambdaCoreApplication */;
			targetProxy = A5E5A4E421B367D8003E80CF /* PBXContainerItemProxy */;
		};
		A5E5A4E721B367D8003E80CF /* PBXTargetDependency */ = {
			isa = PBXTargetDependency;
			target = A5E5A48C21B36631003E80CF /* LambdaCore */;
			targetProxy = A5E5A4E621B367D8003E80CF /* PBXContainerItemProxy */;
		};
		A5E5A4EE21B367D8003E80CF /* PBXTargetDependency */ = {
			isa = PBXTargetDependency;
			target = A5E5A4D921B367D8003E80CF /* LambdaCoreApplication */;
			targetProxy = A5E5A4ED21B367D8003E80CF /* PBXContainerItemProxy */;
		};
		A5E5A4FA21B36869003E80CF /* PBXTargetDependency */ = {
			isa = PBXTargetDependency;
			target = A5E5A4B421B36726003E80CF /* LambdaCoreModel */;
			targetProxy = A5E5A4F921B36869003E80CF /* PBXContainerItemProxy */;
		};
/* End PBXTargetDependency section */

/* Begin PBXVariantGroup section */
		A5E5A49421B36631003E80CF /* Main.storyboard */ = {
			isa = PBXVariantGroup;
			children = (
				A5E5A49521B36631003E80CF /* Base */,
			);
			name = Main.storyboard;
			sourceTree = "<group>";
		};
		A5E5A49921B36632003E80CF /* LaunchScreen.storyboard */ = {
			isa = PBXVariantGroup;
			children = (
				A5E5A49A21B36632003E80CF /* Base */,
			);
			name = LaunchScreen.storyboard;
			sourceTree = "<group>";
		};
/* End PBXVariantGroup section */

/* Begin XCBuildConfiguration section */
		A5E5A4A821B36633003E80CF /* Debug */ = {
			isa = XCBuildConfiguration;
			buildSettings = {
				ALWAYS_SEARCH_USER_PATHS = NO;
				CLANG_ANALYZER_NONNULL = YES;
				CLANG_ANALYZER_NUMBER_OBJECT_CONVERSION = YES_AGGRESSIVE;
				CLANG_CXX_LANGUAGE_STANDARD = "gnu++14";
				CLANG_CXX_LIBRARY = "libc++";
				CLANG_ENABLE_MODULES = YES;
				CLANG_ENABLE_OBJC_ARC = YES;
				CLANG_ENABLE_OBJC_WEAK = YES;
				CLANG_WARN_BLOCK_CAPTURE_AUTORELEASING = YES;
				CLANG_WARN_BOOL_CONVERSION = YES;
				CLANG_WARN_COMMA = YES;
				CLANG_WARN_CONSTANT_CONVERSION = YES;
				CLANG_WARN_DEPRECATED_OBJC_IMPLEMENTATIONS = YES;
				CLANG_WARN_DIRECT_OBJC_ISA_USAGE = YES_ERROR;
				CLANG_WARN_DOCUMENTATION_COMMENTS = YES;
				CLANG_WARN_EMPTY_BODY = YES;
				CLANG_WARN_ENUM_CONVERSION = YES;
				CLANG_WARN_INFINITE_RECURSION = YES;
				CLANG_WARN_INT_CONVERSION = YES;
				CLANG_WARN_NON_LITERAL_NULL_CONVERSION = YES;
				CLANG_WARN_OBJC_IMPLICIT_RETAIN_SELF = YES;
				CLANG_WARN_OBJC_LITERAL_CONVERSION = YES;
				CLANG_WARN_OBJC_ROOT_CLASS = YES_ERROR;
				CLANG_WARN_RANGE_LOOP_ANALYSIS = YES;
				CLANG_WARN_STRICT_PROTOTYPES = YES;
				CLANG_WARN_SUSPICIOUS_MOVE = YES;
				CLANG_WARN_UNGUARDED_AVAILABILITY = YES_AGGRESSIVE;
				CLANG_WARN_UNREACHABLE_CODE = YES;
				CLANG_WARN__DUPLICATE_METHOD_MATCH = YES;
				CODE_SIGN_IDENTITY = "iPhone Developer";
				COPY_PHASE_STRIP = NO;
				DEBUG_INFORMATION_FORMAT = dwarf;
				ENABLE_STRICT_OBJC_MSGSEND = YES;
				ENABLE_TESTABILITY = YES;
				GCC_C_LANGUAGE_STANDARD = gnu11;
				GCC_DYNAMIC_NO_PIC = NO;
				GCC_NO_COMMON_BLOCKS = YES;
				GCC_OPTIMIZATION_LEVEL = 0;
				GCC_PREPROCESSOR_DEFINITIONS = (
					"DEBUG=1",
					"$(inherited)",
				);
				GCC_WARN_64_TO_32_BIT_CONVERSION = YES;
				GCC_WARN_ABOUT_RETURN_TYPE = YES_ERROR;
				GCC_WARN_UNDECLARED_SELECTOR = YES;
				GCC_WARN_UNINITIALIZED_AUTOS = YES_AGGRESSIVE;
				GCC_WARN_UNUSED_FUNCTION = YES;
				GCC_WARN_UNUSED_VARIABLE = YES;
				IPHONEOS_DEPLOYMENT_TARGET = 12.1;
				MTL_ENABLE_DEBUG_INFO = INCLUDE_SOURCE;
				MTL_FAST_MATH = YES;
				ONLY_ACTIVE_ARCH = YES;
				SDKROOT = iphoneos;
				SWIFT_ACTIVE_COMPILATION_CONDITIONS = DEBUG;
				SWIFT_OPTIMIZATION_LEVEL = "-Onone";
			};
			name = Debug;
		};
		A5E5A4A921B36633003E80CF /* Release */ = {
			isa = XCBuildConfiguration;
			buildSettings = {
				ALWAYS_SEARCH_USER_PATHS = NO;
				CLANG_ANALYZER_NONNULL = YES;
				CLANG_ANALYZER_NUMBER_OBJECT_CONVERSION = YES_AGGRESSIVE;
				CLANG_CXX_LANGUAGE_STANDARD = "gnu++14";
				CLANG_CXX_LIBRARY = "libc++";
				CLANG_ENABLE_MODULES = YES;
				CLANG_ENABLE_OBJC_ARC = YES;
				CLANG_ENABLE_OBJC_WEAK = YES;
				CLANG_WARN_BLOCK_CAPTURE_AUTORELEASING = YES;
				CLANG_WARN_BOOL_CONVERSION = YES;
				CLANG_WARN_COMMA = YES;
				CLANG_WARN_CONSTANT_CONVERSION = YES;
				CLANG_WARN_DEPRECATED_OBJC_IMPLEMENTATIONS = YES;
				CLANG_WARN_DIRECT_OBJC_ISA_USAGE = YES_ERROR;
				CLANG_WARN_DOCUMENTATION_COMMENTS = YES;
				CLANG_WARN_EMPTY_BODY = YES;
				CLANG_WARN_ENUM_CONVERSION = YES;
				CLANG_WARN_INFINITE_RECURSION = YES;
				CLANG_WARN_INT_CONVERSION = YES;
				CLANG_WARN_NON_LITERAL_NULL_CONVERSION = YES;
				CLANG_WARN_OBJC_IMPLICIT_RETAIN_SELF = YES;
				CLANG_WARN_OBJC_LITERAL_CONVERSION = YES;
				CLANG_WARN_OBJC_ROOT_CLASS = YES_ERROR;
				CLANG_WARN_RANGE_LOOP_ANALYSIS = YES;
				CLANG_WARN_STRICT_PROTOTYPES = YES;
				CLANG_WARN_SUSPICIOUS_MOVE = YES;
				CLANG_WARN_UNGUARDED_AVAILABILITY = YES_AGGRESSIVE;
				CLANG_WARN_UNREACHABLE_CODE = YES;
				CLANG_WARN__DUPLICATE_METHOD_MATCH = YES;
				CODE_SIGN_IDENTITY = "iPhone Developer";
				COPY_PHASE_STRIP = NO;
				DEBUG_INFORMATION_FORMAT = "dwarf-with-dsym";
				ENABLE_NS_ASSERTIONS = NO;
				ENABLE_STRICT_OBJC_MSGSEND = YES;
				GCC_C_LANGUAGE_STANDARD = gnu11;
				GCC_NO_COMMON_BLOCKS = YES;
				GCC_WARN_64_TO_32_BIT_CONVERSION = YES;
				GCC_WARN_ABOUT_RETURN_TYPE = YES_ERROR;
				GCC_WARN_UNDECLARED_SELECTOR = YES;
				GCC_WARN_UNINITIALIZED_AUTOS = YES_AGGRESSIVE;
				GCC_WARN_UNUSED_FUNCTION = YES;
				GCC_WARN_UNUSED_VARIABLE = YES;
				IPHONEOS_DEPLOYMENT_TARGET = 12.1;
				MTL_ENABLE_DEBUG_INFO = NO;
				MTL_FAST_MATH = YES;
				SDKROOT = iphoneos;
				SWIFT_COMPILATION_MODE = wholemodule;
				SWIFT_OPTIMIZATION_LEVEL = "-O";
				VALIDATE_PRODUCT = YES;
			};
			name = Release;
		};
		A5E5A4AB21B36633003E80CF /* Debug */ = {
			isa = XCBuildConfiguration;
			buildSettings = {
				ALWAYS_EMBED_SWIFT_STANDARD_LIBRARIES = YES;
				ASSETCATALOG_COMPILER_APPICON_NAME = AppIcon;
				CODE_SIGN_STYLE = Automatic;
				INFOPLIST_FILE = LambdaCore/Info.plist;
				LD_RUNPATH_SEARCH_PATHS = (
					"$(inherited)",
					"@executable_path/Frameworks",
				);
				PRODUCT_BUNDLE_IDENTIFIER = com.vts.LambdaCore;
				PRODUCT_NAME = "$(TARGET_NAME)";
				SWIFT_VERSION = 4.2;
				TARGETED_DEVICE_FAMILY = "1,2";
			};
			name = Debug;
		};
		A5E5A4AC21B36633003E80CF /* Release */ = {
			isa = XCBuildConfiguration;
			buildSettings = {
				ALWAYS_EMBED_SWIFT_STANDARD_LIBRARIES = YES;
				ASSETCATALOG_COMPILER_APPICON_NAME = AppIcon;
				CODE_SIGN_STYLE = Automatic;
				INFOPLIST_FILE = LambdaCore/Info.plist;
				LD_RUNPATH_SEARCH_PATHS = (
					"$(inherited)",
					"@executable_path/Frameworks",
				);
				PRODUCT_BUNDLE_IDENTIFIER = com.vts.LambdaCore;
				PRODUCT_NAME = "$(TARGET_NAME)";
				SWIFT_VERSION = 4.2;
				TARGETED_DEVICE_FAMILY = "1,2";
			};
			name = Release;
		};
		A5E5A4AE21B36633003E80CF /* Debug */ = {
			isa = XCBuildConfiguration;
			buildSettings = {
				ALWAYS_EMBED_SWIFT_STANDARD_LIBRARIES = YES;
				BUNDLE_LOADER = "$(TEST_HOST)";
				CODE_SIGN_STYLE = Automatic;
				INFOPLIST_FILE = LambdaCoreTests/Info.plist;
				LD_RUNPATH_SEARCH_PATHS = (
					"$(inherited)",
					"@executable_path/Frameworks",
					"@loader_path/Frameworks",
				);
				PRODUCT_BUNDLE_IDENTIFIER = com.vts.LambdaCoreTests;
				PRODUCT_NAME = "$(TARGET_NAME)";
				SWIFT_VERSION = 4.2;
				TARGETED_DEVICE_FAMILY = "1,2";
				TEST_HOST = "$(BUILT_PRODUCTS_DIR)/LambdaCore.app/LambdaCore";
			};
			name = Debug;
		};
		A5E5A4AF21B36633003E80CF /* Release */ = {
			isa = XCBuildConfiguration;
			buildSettings = {
				ALWAYS_EMBED_SWIFT_STANDARD_LIBRARIES = YES;
				BUNDLE_LOADER = "$(TEST_HOST)";
				CODE_SIGN_STYLE = Automatic;
				INFOPLIST_FILE = LambdaCoreTests/Info.plist;
				LD_RUNPATH_SEARCH_PATHS = (
					"$(inherited)",
					"@executable_path/Frameworks",
					"@loader_path/Frameworks",
				);
				PRODUCT_BUNDLE_IDENTIFIER = com.vts.LambdaCoreTests;
				PRODUCT_NAME = "$(TARGET_NAME)";
				SWIFT_VERSION = 4.2;
				TARGETED_DEVICE_FAMILY = "1,2";
				TEST_HOST = "$(BUILT_PRODUCTS_DIR)/LambdaCore.app/LambdaCore";
			};
			name = Release;
		};
		A5E5A4CC21B36726003E80CF /* Debug */ = {
			isa = XCBuildConfiguration;
			buildSettings = {
				CLANG_ENABLE_MODULES = YES;
				CODE_SIGN_IDENTITY = "";
				CODE_SIGN_STYLE = Automatic;
				CURRENT_PROJECT_VERSION = 1;
				DEFINES_MODULE = YES;
				DYLIB_COMPATIBILITY_VERSION = 1;
				DYLIB_CURRENT_VERSION = 1;
				DYLIB_INSTALL_NAME_BASE = "@rpath";
				INFOPLIST_FILE = LambdaCoreModel/Info.plist;
				INSTALL_PATH = "$(LOCAL_LIBRARY_DIR)/Frameworks";
				LD_RUNPATH_SEARCH_PATHS = (
					"$(inherited)",
					"@executable_path/Frameworks",
					"@loader_path/Frameworks",
				);
				PRODUCT_BUNDLE_IDENTIFIER = com.vts.LambdaCoreModel;
				PRODUCT_NAME = "$(TARGET_NAME:c99extidentifier)";
				SKIP_INSTALL = YES;
				SWIFT_OPTIMIZATION_LEVEL = "-Onone";
				SWIFT_VERSION = 4.2;
				TARGETED_DEVICE_FAMILY = "1,2";
				VERSIONING_SYSTEM = "apple-generic";
				VERSION_INFO_PREFIX = "";
			};
			name = Debug;
		};
		A5E5A4CD21B36726003E80CF /* Release */ = {
			isa = XCBuildConfiguration;
			buildSettings = {
				CLANG_ENABLE_MODULES = YES;
				CODE_SIGN_IDENTITY = "";
				CODE_SIGN_STYLE = Automatic;
				CURRENT_PROJECT_VERSION = 1;
				DEFINES_MODULE = YES;
				DYLIB_COMPATIBILITY_VERSION = 1;
				DYLIB_CURRENT_VERSION = 1;
				DYLIB_INSTALL_NAME_BASE = "@rpath";
				INFOPLIST_FILE = LambdaCoreModel/Info.plist;
				INSTALL_PATH = "$(LOCAL_LIBRARY_DIR)/Frameworks";
				LD_RUNPATH_SEARCH_PATHS = (
					"$(inherited)",
					"@executable_path/Frameworks",
					"@loader_path/Frameworks",
				);
				PRODUCT_BUNDLE_IDENTIFIER = com.vts.LambdaCoreModel;
				PRODUCT_NAME = "$(TARGET_NAME:c99extidentifier)";
				SKIP_INSTALL = YES;
				SWIFT_VERSION = 4.2;
				TARGETED_DEVICE_FAMILY = "1,2";
				VERSIONING_SYSTEM = "apple-generic";
				VERSION_INFO_PREFIX = "";
			};
			name = Release;
		};
		A5E5A4CE21B36726003E80CF /* Debug */ = {
			isa = XCBuildConfiguration;
			buildSettings = {
				ALWAYS_EMBED_SWIFT_STANDARD_LIBRARIES = YES;
				CODE_SIGN_STYLE = Automatic;
				INFOPLIST_FILE = LambdaCoreModelTests/Info.plist;
				LD_RUNPATH_SEARCH_PATHS = (
					"$(inherited)",
					"@executable_path/Frameworks",
					"@loader_path/Frameworks",
				);
				PRODUCT_BUNDLE_IDENTIFIER = com.vts.LambdaCoreModelTests;
				PRODUCT_NAME = "$(TARGET_NAME)";
				SWIFT_VERSION = 4.2;
				TARGETED_DEVICE_FAMILY = "1,2";
				TEST_HOST = "$(BUILT_PRODUCTS_DIR)/LambdaCore.app/LambdaCore";
			};
			name = Debug;
		};
		A5E5A4CF21B36726003E80CF /* Release */ = {
			isa = XCBuildConfiguration;
			buildSettings = {
				ALWAYS_EMBED_SWIFT_STANDARD_LIBRARIES = YES;
				CODE_SIGN_STYLE = Automatic;
				INFOPLIST_FILE = LambdaCoreModelTests/Info.plist;
				LD_RUNPATH_SEARCH_PATHS = (
					"$(inherited)",
					"@executable_path/Frameworks",
					"@loader_path/Frameworks",
				);
				PRODUCT_BUNDLE_IDENTIFIER = com.vts.LambdaCoreModelTests;
				PRODUCT_NAME = "$(TARGET_NAME)";
				SWIFT_VERSION = 4.2;
				TARGETED_DEVICE_FAMILY = "1,2";
				TEST_HOST = "$(BUILT_PRODUCTS_DIR)/LambdaCore.app/LambdaCore";
			};
			name = Release;
		};
		A5E5A4F221B367D8003E80CF /* Debug */ = {
			isa = XCBuildConfiguration;
			buildSettings = {
				CLANG_ENABLE_MODULES = YES;
				CODE_SIGN_IDENTITY = "";
				CODE_SIGN_STYLE = Automatic;
				CURRENT_PROJECT_VERSION = 1;
				DEFINES_MODULE = YES;
				DYLIB_COMPATIBILITY_VERSION = 1;
				DYLIB_CURRENT_VERSION = 1;
				DYLIB_INSTALL_NAME_BASE = "@rpath";
				INFOPLIST_FILE = LambdaCoreApplication/Info.plist;
				INSTALL_PATH = "$(LOCAL_LIBRARY_DIR)/Frameworks";
				LD_RUNPATH_SEARCH_PATHS = (
					"$(inherited)",
					"@executable_path/Frameworks",
					"@loader_path/Frameworks",
				);
				PRODUCT_BUNDLE_IDENTIFIER = com.vts.LambdaCoreApplication;
				PRODUCT_NAME = "$(TARGET_NAME:c99extidentifier)";
				SKIP_INSTALL = YES;
				SWIFT_OPTIMIZATION_LEVEL = "-Onone";
				SWIFT_VERSION = 4.2;
				TARGETED_DEVICE_FAMILY = "1,2";
				VERSIONING_SYSTEM = "apple-generic";
				VERSION_INFO_PREFIX = "";
			};
			name = Debug;
		};
		A5E5A4F321B367D8003E80CF /* Release */ = {
			isa = XCBuildConfiguration;
			buildSettings = {
				CLANG_ENABLE_MODULES = YES;
				CODE_SIGN_IDENTITY = "";
				CODE_SIGN_STYLE = Automatic;
				CURRENT_PROJECT_VERSION = 1;
				DEFINES_MODULE = YES;
				DYLIB_COMPATIBILITY_VERSION = 1;
				DYLIB_CURRENT_VERSION = 1;
				DYLIB_INSTALL_NAME_BASE = "@rpath";
				INFOPLIST_FILE = LambdaCoreApplication/Info.plist;
				INSTALL_PATH = "$(LOCAL_LIBRARY_DIR)/Frameworks";
				LD_RUNPATH_SEARCH_PATHS = (
					"$(inherited)",
					"@executable_path/Frameworks",
					"@loader_path/Frameworks",
				);
				PRODUCT_BUNDLE_IDENTIFIER = com.vts.LambdaCoreApplication;
				PRODUCT_NAME = "$(TARGET_NAME:c99extidentifier)";
				SKIP_INSTALL = YES;
				SWIFT_VERSION = 4.2;
				TARGETED_DEVICE_FAMILY = "1,2";
				VERSIONING_SYSTEM = "apple-generic";
				VERSION_INFO_PREFIX = "";
			};
			name = Release;
		};
		A5E5A4F521B367D8003E80CF /* Debug */ = {
			isa = XCBuildConfiguration;
			buildSettings = {
				ALWAYS_EMBED_SWIFT_STANDARD_LIBRARIES = YES;
				CODE_SIGN_STYLE = Automatic;
				INFOPLIST_FILE = LambdaCoreApplicationTests/Info.plist;
				LD_RUNPATH_SEARCH_PATHS = (
					"$(inherited)",
					"@executable_path/Frameworks",
					"@loader_path/Frameworks",
				);
				PRODUCT_BUNDLE_IDENTIFIER = com.vts.LambdaCoreApplicationTests;
				PRODUCT_NAME = "$(TARGET_NAME)";
				SWIFT_VERSION = 4.2;
				TARGETED_DEVICE_FAMILY = "1,2";
				TEST_HOST = "$(BUILT_PRODUCTS_DIR)/LambdaCore.app/LambdaCore";
			};
			name = Debug;
		};
		A5E5A4F621B367D8003E80CF /* Release */ = {
			isa = XCBuildConfiguration;
			buildSettings = {
				ALWAYS_EMBED_SWIFT_STANDARD_LIBRARIES = YES;
				CODE_SIGN_STYLE = Automatic;
				INFOPLIST_FILE = LambdaCoreApplicationTests/Info.plist;
				LD_RUNPATH_SEARCH_PATHS = (
					"$(inherited)",
					"@executable_path/Frameworks",
					"@loader_path/Frameworks",
				);
				PRODUCT_BUNDLE_IDENTIFIER = com.vts.LambdaCoreApplicationTests;
				PRODUCT_NAME = "$(TARGET_NAME)";
				SWIFT_VERSION = 4.2;
				TARGETED_DEVICE_FAMILY = "1,2";
				TEST_HOST = "$(BUILT_PRODUCTS_DIR)/LambdaCore.app/LambdaCore";
			};
			name = Release;
		};
/* End XCBuildConfiguration section */

/* Begin XCConfigurationList section */
		A5E5A48821B36631003E80CF /* Build configuration list for PBXProject "LambdaCore" */ = {
			isa = XCConfigurationList;
			buildConfigurations = (
				A5E5A4A821B36633003E80CF /* Debug */,
				A5E5A4A921B36633003E80CF /* Release */,
			);
			defaultConfigurationIsVisible = 0;
			defaultConfigurationName = Release;
		};
		A5E5A4AA21B36633003E80CF /* Build configuration list for PBXNativeTarget "LambdaCore" */ = {
			isa = XCConfigurationList;
			buildConfigurations = (
				A5E5A4AB21B36633003E80CF /* Debug */,
				A5E5A4AC21B36633003E80CF /* Release */,
			);
			defaultConfigurationIsVisible = 0;
			defaultConfigurationName = Release;
		};
		A5E5A4AD21B36633003E80CF /* Build configuration list for PBXNativeTarget "LambdaCoreTests" */ = {
			isa = XCConfigurationList;
			buildConfigurations = (
				A5E5A4AE21B36633003E80CF /* Debug */,
				A5E5A4AF21B36633003E80CF /* Release */,
			);
			defaultConfigurationIsVisible = 0;
			defaultConfigurationName = Release;
		};
		A5E5A4D021B36726003E80CF /* Build configuration list for PBXNativeTarget "LambdaCoreModel" */ = {
			isa = XCConfigurationList;
			buildConfigurations = (
				A5E5A4CC21B36726003E80CF /* Debug */,
				A5E5A4CD21B36726003E80CF /* Release */,
			);
			defaultConfigurationIsVisible = 0;
			defaultConfigurationName = Release;
		};
		A5E5A4D221B36726003E80CF /* Build configuration list for PBXNativeTarget "LambdaCoreCoreTests" */ = {
			isa = XCConfigurationList;
			buildConfigurations = (
				A5E5A4CE21B36726003E80CF /* Debug */,
				A5E5A4CF21B36726003E80CF /* Release */,
			);
			defaultConfigurationIsVisible = 0;
			defaultConfigurationName = Release;
		};
		A5E5A4F121B367D8003E80CF /* Build configuration list for PBXNativeTarget "LambdaCoreApplication" */ = {
			isa = XCConfigurationList;
			buildConfigurations = (
				A5E5A4F221B367D8003E80CF /* Debug */,
				A5E5A4F321B367D8003E80CF /* Release */,
			);
			defaultConfigurationIsVisible = 0;
			defaultConfigurationName = Release;
		};
		A5E5A4F421B367D8003E80CF /* Build configuration list for PBXNativeTarget "LambdaCoreApplicationTests" */ = {
			isa = XCConfigurationList;
			buildConfigurations = (
				A5E5A4F521B367D8003E80CF /* Debug */,
				A5E5A4F621B367D8003E80CF /* Release */,
			);
			defaultConfigurationIsVisible = 0;
			defaultConfigurationName = Release;
		};
/* End XCConfigurationList section */
	};
	rootObject = A5E5A48521B36631003E80CF /* Project object */;
}
